
Microsoft Visual Studio Solution File, Format Version 12.00
# Visual Studio Version 17
VisualStudioVersion = 17.3.32922.545
MinimumVisualStudioVersion = 10.0.40219.1
Project("{FAE04EC0-301F-11D3-BF4B-00C04F79EFBC}") = "Practices", "Practices\Practices.csproj", "{6FFE22FD-0837-44E3-8BC5-177E59DE22D8}"
EndProject
Project("{FAE04EC0-301F-11D3-BF4B-00C04F79EFBC}") = "Practices.Tests", "Practices.Tests\Practices.Tests.csproj", "{C14A1B92-BECD-42FA-AD6A-5C610C385E4D}"
EndProject
Global
	GlobalSection(SolutionConfigurationPlatforms) = preSolution
		Debug|Any CPU = Debug|Any CPU
		Release|Any CPU = Release|Any CPU
	EndGlobalSection
	GlobalSection(ProjectConfigurationPlatforms) = postSolution
		{6FFE22FD-0837-44E3-8BC5-177E59DE22D8}.Debug|Any CPU.ActiveCfg = Debug|Any CPU
		{6FFE22FD-0837-44E3-8BC5-177E59DE22D8}.Debug|Any CPU.Build.0 = Debug|Any CPU
		{6FFE22FD-0837-44E3-8BC5-177E59DE22D8}.Release|Any CPU.ActiveCfg = Release|Any CPU
		{6FFE22FD-0837-44E3-8BC5-177E59DE22D8}.Release|Any CPU.Build.0 = Release|Any CPU
		{C14A1B92-BECD-42FA-AD6A-5C610C385E4D}.Debug|Any CPU.ActiveCfg = Debug|Any CPU
		{C14A1B92-BECD-42FA-AD6A-5C610C385E4D}.Debug|Any CPU.Build.0 = Debug|Any CPU
		{C14A1B92-BECD-42FA-AD6A-5C610C385E4D}.Release|Any CPU.ActiveCfg = Release|Any CPU
		{C14A1B92-BECD-42FA-AD6A-5C610C385E4D}.Release|Any CPU.Build.0 = Release|Any CPU
	EndGlobalSection
	GlobalSection(SolutionProperties) = preSolution
		HideSolutionNode = FALSE
	EndGlobalSection
	GlobalSection(ExtensibilityGlobals) = postSolution
		SolutionGuid = {084F4D53-1B67-44C9-95EE-F7FDDC348B82}
	EndGlobalSection
EndGlobal
